
Microsoft Visual Studio Solution File, Format Version 12.00
# Visual Studio 14
VisualStudioVersion = 14.0.25420.1
MinimumVisualStudioVersion = 10.0.40219.1
Project("{FAE04EC0-301F-11D3-BF4B-00C04F79EFBC}") = "TitanBot2", "TitanBot2Core\TitanBot2.csproj", "{262C9E53-9BD7-4CCA-8549-BCF6A61FB947}"
EndProject
Project("{FAE04EC0-301F-11D3-BF4B-00C04F79EFBC}") = "TitanBotConsole", "TitanBotConsole\TitanBotConsole.csproj", "{5D1B4E57-3A08-4D96-A242-C82FB32DC106}"
EndProject
Global
	GlobalSection(SolutionConfigurationPlatforms) = preSolution
		Debug|Any CPU = Debug|Any CPU
		Release|Any CPU = Release|Any CPU
	EndGlobalSection
	GlobalSection(ProjectConfigurationPlatforms) = postSolution
		{262C9E53-9BD7-4CCA-8549-BCF6A61FB947}.Debug|Any CPU.ActiveCfg = Debug|Any CPU
		{262C9E53-9BD7-4CCA-8549-BCF6A61FB947}.Debug|Any CPU.Build.0 = Debug|Any CPU
		{262C9E53-9BD7-4CCA-8549-BCF6A61FB947}.Release|Any CPU.ActiveCfg = Release|Any CPU
		{262C9E53-9BD7-4CCA-8549-BCF6A61FB947}.Release|Any CPU.Build.0 = Release|Any CPU
		{5D1B4E57-3A08-4D96-A242-C82FB32DC106}.Debug|Any CPU.ActiveCfg = Debug|Any CPU
		{5D1B4E57-3A08-4D96-A242-C82FB32DC106}.Debug|Any CPU.Build.0 = Debug|Any CPU
		{5D1B4E57-3A08-4D96-A242-C82FB32DC106}.Release|Any CPU.ActiveCfg = Release|Any CPU
		{5D1B4E57-3A08-4D96-A242-C82FB32DC106}.Release|Any CPU.Build.0 = Release|Any CPU
	EndGlobalSection
	GlobalSection(SolutionProperties) = preSolution
		HideSolutionNode = FALSE
	EndGlobalSection
EndGlobal
