
Microsoft Visual Studio Solution File, Format Version 12.00
# Visual Studio 15
VisualStudioVersion = 15.0.26430.13
MinimumVisualStudioVersion = 10.0.40219.1
Project("{FAE04EC0-301F-11D3-BF4B-00C04F79EFBC}") = "TitanBotBase", "TitanBotBase\TitanBotBase.csproj", "{A13E45E5-1745-4898-8877-6C4A02937DC8}"
EndProject
Project("{FAE04EC0-301F-11D3-BF4B-00C04F79EFBC}") = "TitanBotBaseTest", "TitanBotTests\TitanBotBaseTest.csproj", "{9B638BC8-A97A-4852-AA38-CCC32696B60D}"
EndProject
Project("{FAE04EC0-301F-11D3-BF4B-00C04F79EFBC}") = "TT2Bot", "TT2Bot\TT2Bot.csproj", "{C68692F6-1CC0-47D1-97FF-C9D84331A72F}"
EndProject
Global
	GlobalSection(SolutionConfigurationPlatforms) = preSolution
		Debug|Any CPU = Debug|Any CPU
		Release|Any CPU = Release|Any CPU
	EndGlobalSection
	GlobalSection(ProjectConfigurationPlatforms) = postSolution
		{A13E45E5-1745-4898-8877-6C4A02937DC8}.Debug|Any CPU.ActiveCfg = Debug|Any CPU
		{A13E45E5-1745-4898-8877-6C4A02937DC8}.Debug|Any CPU.Build.0 = Debug|Any CPU
		{A13E45E5-1745-4898-8877-6C4A02937DC8}.Release|Any CPU.ActiveCfg = Release|Any CPU
		{A13E45E5-1745-4898-8877-6C4A02937DC8}.Release|Any CPU.Build.0 = Release|Any CPU
		{9B638BC8-A97A-4852-AA38-CCC32696B60D}.Debug|Any CPU.ActiveCfg = Debug|Any CPU
		{9B638BC8-A97A-4852-AA38-CCC32696B60D}.Debug|Any CPU.Build.0 = Debug|Any CPU
		{9B638BC8-A97A-4852-AA38-CCC32696B60D}.Release|Any CPU.ActiveCfg = Release|Any CPU
		{9B638BC8-A97A-4852-AA38-CCC32696B60D}.Release|Any CPU.Build.0 = Release|Any CPU
		{C68692F6-1CC0-47D1-97FF-C9D84331A72F}.Debug|Any CPU.ActiveCfg = Debug|Any CPU
		{C68692F6-1CC0-47D1-97FF-C9D84331A72F}.Debug|Any CPU.Build.0 = Debug|Any CPU
		{C68692F6-1CC0-47D1-97FF-C9D84331A72F}.Release|Any CPU.ActiveCfg = Release|Any CPU
		{C68692F6-1CC0-47D1-97FF-C9D84331A72F}.Release|Any CPU.Build.0 = Release|Any CPU
	EndGlobalSection
	GlobalSection(SolutionProperties) = preSolution
		HideSolutionNode = FALSE
	EndGlobalSection
EndGlobal
