
Microsoft Visual Studio Solution File, Format Version 12.00
# Visual Studio 15
VisualStudioVersion = 15.0.27130.2010
MinimumVisualStudioVersion = 10.0.40219.1
Project("{9A19103F-16F7-4668-BE54-9A1E7A4F7556}") = "Titanbot.LiveTesting", "Titanbot.LiveTesting\Titanbot.LiveTesting.csproj", "{D87BB81F-63CC-476F-B903-EB1DC399F5D8}"
EndProject
Project("{9A19103F-16F7-4668-BE54-9A1E7A4F7556}") = "Titansmasher.Utilities", "Titansmasher.Utilities\Titansmasher.Utilities.csproj", "{30DD7B84-F16A-479B-9FAB-25A918D6740C}"
EndProject
Project("{9A19103F-16F7-4668-BE54-9A1E7A4F7556}") = "Titanbot", "Titanbot\Titanbot.csproj", "{9B8FA7B4-8DD8-4C8C-85B0-935E68BCCD6A}"
EndProject
Project("{9A19103F-16F7-4668-BE54-9A1E7A4F7556}") = "Titanbot.BaseCommands", "Titanbot.BaseCommands\Titanbot.BaseCommands.csproj", "{FFEFCA42-A267-49D3-A8EE-D25A5DE82C34}"
EndProject
Project("{9A19103F-16F7-4668-BE54-9A1E7A4F7556}") = "Titanbot.Extensions", "Titanbot.Extensions\Titanbot.Extensions.csproj", "{AD91F2F2-501F-4F1A-9758-A3D327B411A4}"
EndProject
Project("{E53339B2-1760-4266-BCC7-CA923CBCF16C}") = "docker-compose", "docker-compose.dcproj", "{5CC40DCC-F8C2-4480-8C4F-54ADE9C046A5}"
EndProject
Global
	GlobalSection(SolutionConfigurationPlatforms) = preSolution
		Debug|Any CPU = Debug|Any CPU
		Release|Any CPU = Release|Any CPU
	EndGlobalSection
	GlobalSection(ProjectConfigurationPlatforms) = postSolution
		{D87BB81F-63CC-476F-B903-EB1DC399F5D8}.Debug|Any CPU.ActiveCfg = Debug|Any CPU
		{D87BB81F-63CC-476F-B903-EB1DC399F5D8}.Debug|Any CPU.Build.0 = Debug|Any CPU
		{D87BB81F-63CC-476F-B903-EB1DC399F5D8}.Release|Any CPU.ActiveCfg = Release|Any CPU
		{D87BB81F-63CC-476F-B903-EB1DC399F5D8}.Release|Any CPU.Build.0 = Release|Any CPU
		{30DD7B84-F16A-479B-9FAB-25A918D6740C}.Debug|Any CPU.ActiveCfg = Debug|Any CPU
		{30DD7B84-F16A-479B-9FAB-25A918D6740C}.Debug|Any CPU.Build.0 = Debug|Any CPU
		{30DD7B84-F16A-479B-9FAB-25A918D6740C}.Release|Any CPU.ActiveCfg = Release|Any CPU
		{30DD7B84-F16A-479B-9FAB-25A918D6740C}.Release|Any CPU.Build.0 = Release|Any CPU
		{9B8FA7B4-8DD8-4C8C-85B0-935E68BCCD6A}.Debug|Any CPU.ActiveCfg = Debug|Any CPU
		{9B8FA7B4-8DD8-4C8C-85B0-935E68BCCD6A}.Debug|Any CPU.Build.0 = Debug|Any CPU
		{9B8FA7B4-8DD8-4C8C-85B0-935E68BCCD6A}.Release|Any CPU.ActiveCfg = Release|Any CPU
		{9B8FA7B4-8DD8-4C8C-85B0-935E68BCCD6A}.Release|Any CPU.Build.0 = Release|Any CPU
		{FFEFCA42-A267-49D3-A8EE-D25A5DE82C34}.Debug|Any CPU.ActiveCfg = Debug|Any CPU
		{FFEFCA42-A267-49D3-A8EE-D25A5DE82C34}.Debug|Any CPU.Build.0 = Debug|Any CPU
		{FFEFCA42-A267-49D3-A8EE-D25A5DE82C34}.Release|Any CPU.ActiveCfg = Release|Any CPU
		{FFEFCA42-A267-49D3-A8EE-D25A5DE82C34}.Release|Any CPU.Build.0 = Release|Any CPU
		{AD91F2F2-501F-4F1A-9758-A3D327B411A4}.Debug|Any CPU.ActiveCfg = Debug|Any CPU
		{AD91F2F2-501F-4F1A-9758-A3D327B411A4}.Debug|Any CPU.Build.0 = Debug|Any CPU
		{AD91F2F2-501F-4F1A-9758-A3D327B411A4}.Release|Any CPU.ActiveCfg = Release|Any CPU
		{AD91F2F2-501F-4F1A-9758-A3D327B411A4}.Release|Any CPU.Build.0 = Release|Any CPU
		{5CC40DCC-F8C2-4480-8C4F-54ADE9C046A5}.Debug|Any CPU.ActiveCfg = Debug|Any CPU
		{5CC40DCC-F8C2-4480-8C4F-54ADE9C046A5}.Debug|Any CPU.Build.0 = Debug|Any CPU
		{5CC40DCC-F8C2-4480-8C4F-54ADE9C046A5}.Release|Any CPU.ActiveCfg = Release|Any CPU
		{5CC40DCC-F8C2-4480-8C4F-54ADE9C046A5}.Release|Any CPU.Build.0 = Release|Any CPU
	EndGlobalSection
	GlobalSection(SolutionProperties) = preSolution
		HideSolutionNode = FALSE
	EndGlobalSection
	GlobalSection(ExtensibilityGlobals) = postSolution
		SolutionGuid = {C8AF1226-7F20-4B34-B5B5-D274F343657C}
	EndGlobalSection
EndGlobal
