
Microsoft Visual Studio Solution File, Format Version 12.00
# Visual Studio 15
VisualStudioVersion = 15.0.26403.3
MinimumVisualStudioVersion = 10.0.40219.1
Project("{FAE04EC0-301F-11D3-BF4B-00C04F79EFBC}") = "TitanBot2Console", "TitanBot2Console\TitanBot2Console.csproj", "{7496C702-D248-43F0-A0C3-67B037442B40}"
EndProject
Project("{FAE04EC0-301F-11D3-BF4B-00C04F79EFBC}") = "TitanBot2Client", "TitanBot2Core\TitanBot2Client.csproj", "{739CE801-23DA-4E0F-94B7-46DC918D7472}"
EndProject
Global
	GlobalSection(SolutionConfigurationPlatforms) = preSolution
		Debug|Any CPU = Debug|Any CPU
		Release|Any CPU = Release|Any CPU
	EndGlobalSection
	GlobalSection(ProjectConfigurationPlatforms) = postSolution
		{7496C702-D248-43F0-A0C3-67B037442B40}.Debug|Any CPU.ActiveCfg = Debug|Any CPU
		{7496C702-D248-43F0-A0C3-67B037442B40}.Debug|Any CPU.Build.0 = Debug|Any CPU
		{7496C702-D248-43F0-A0C3-67B037442B40}.Release|Any CPU.ActiveCfg = Release|Any CPU
		{7496C702-D248-43F0-A0C3-67B037442B40}.Release|Any CPU.Build.0 = Release|Any CPU
		{739CE801-23DA-4E0F-94B7-46DC918D7472}.Debug|Any CPU.ActiveCfg = Debug|Any CPU
		{739CE801-23DA-4E0F-94B7-46DC918D7472}.Debug|Any CPU.Build.0 = Debug|Any CPU
		{739CE801-23DA-4E0F-94B7-46DC918D7472}.Release|Any CPU.ActiveCfg = Release|Any CPU
		{739CE801-23DA-4E0F-94B7-46DC918D7472}.Release|Any CPU.Build.0 = Release|Any CPU
	EndGlobalSection
	GlobalSection(SolutionProperties) = preSolution
		HideSolutionNode = FALSE
	EndGlobalSection
EndGlobal
